
Microsoft Visual Studio Solution File, Format Version 12.00
# Visual Studio 15
VisualStudioVersion = 15.0.27703.2035
MinimumVisualStudioVersion = 10.0.40219.1
Project("{8BC9CEB8-8B4A-11D0-8D11-00A0C91BC942}") = "B.B.P.G", "B.B.P.G\B.B.P.G.vcxproj", "{66C2E292-0261-49DD-9CFE-CDBCD5C2AED2}"
EndProject
Global
	GlobalSection(SolutionConfigurationPlatforms) = preSolution
		Debug|x64 = Debug|x64
		Debug|x86 = Debug|x86
		Release|x64 = Release|x64
		Release|x86 = Release|x86
	EndGlobalSection
	GlobalSection(ProjectConfigurationPlatforms) = postSolution
		{66C2E292-0261-49DD-9CFE-CDBCD5C2AED2}.Debug|x64.ActiveCfg = Debug|x64
		{66C2E292-0261-49DD-9CFE-CDBCD5C2AED2}.Debug|x64.Build.0 = Debug|x64
		{66C2E292-0261-49DD-9CFE-CDBCD5C2AED2}.Debug|x86.ActiveCfg = Debug|Win32
		{66C2E292-0261-49DD-9CFE-CDBCD5C2AED2}.Debug|x86.Build.0 = Debug|Win32
		{66C2E292-0261-49DD-9CFE-CDBCD5C2AED2}.Release|x64.ActiveCfg = Release|x64
		{66C2E292-0261-49DD-9CFE-CDBCD5C2AED2}.Release|x64.Build.0 = Release|x64
		{66C2E292-0261-49DD-9CFE-CDBCD5C2AED2}.Release|x86.ActiveCfg = Release|Win32
		{66C2E292-0261-49DD-9CFE-CDBCD5C2AED2}.Release|x86.Build.0 = Release|Win32
	EndGlobalSection
	GlobalSection(SolutionProperties) = preSolution
		HideSolutionNode = FALSE
	EndGlobalSection
	GlobalSection(ExtensibilityGlobals) = postSolution
		SolutionGuid = {ABA6BC3F-AD94-4A62-B11A-C0FCD9E3EC18}
	EndGlobalSection
EndGlobal
