<?xml version="1.0" encoding="utf-8"?>
<Project ToolsVersion="4.0" xmlns="http://schemas.microsoft.com/developer/msbuild/2003">
  <ItemGroup>
    <ClCompile Include="AnimatedSprite.cpp" />
    <ClCompile Include="Animations.cpp" />
    <ClCompile Include="Bullet.cpp" />
    <ClCompile Include="Game.cpp" />
    <ClCompile Include="GamePlay.cpp" />
    <ClCompile Include="Intro.cpp" />
    <ClCompile Include="Level.cpp" />
    <ClCompile Include="Main.cpp" />
    <ClCompile Include="MainMenu.cpp" />
    <ClCompile Include="Player.cpp" />
    <ClCompile Include="PowerBar.cpp" />
    <ClCompile Include="Splash.cpp" />
    <ClCompile Include="EnemySlime.cpp" />
  </ItemGroup>
  <ItemGroup>
    <ClInclude Include="AnimatedSprite.h" />
    <ClInclude Include="Animations.h" />
    <ClInclude Include="Bullet.h" />
    <ClInclude Include="Game.h" />
    <ClInclude Include="GamePlay.h" />
    <ClInclude Include="GameState.h" />
    <ClInclude Include="PowerBar.h" />
    <ClInclude Include="Intro.h" />
    <ClInclude Include="Level.h" />
    <ClInclude Include="MainMenu.h" />
    <ClInclude Include="Player.h" />
    <ClInclude Include="Splash.h" />
    <ClInclude Include="EnemySlime.h" />
  </ItemGroup>
</Project>